Microsoft Visual Studio Solution File, Format Version 12.00
# Visual Studio Version 17
VisualStudioVersion = 17.5.2.0
MinimumVisualStudioVersion = 10.0.40219.1
Project("{FAE04EC0-301F-11D3-BF4B-00C04F79EFBC}") = "PassionProject", "PassionProject.csproj", "{46A83C4A-4DE3-F8FC-D455-18B06E3DDD7E}"
EndProject
Global
	GlobalSection(SolutionConfigurationPlatforms) = preSolution
		Debug|Any CPU = Debug|Any CPU
		Release|Any CPU = Release|Any CPU
	EndGlobalSection
	GlobalSection(ProjectConfigurationPlatforms) = postSolution
		{46A83C4A-4DE3-F8FC-D455-18B06E3DDD7E}.Debug|Any CPU.ActiveCfg = Debug|Any CPU
		{46A83C4A-4DE3-F8FC-D455-18B06E3DDD7E}.Debug|Any CPU.Build.0 = Debug|Any CPU
		{46A83C4A-4DE3-F8FC-D455-18B06E3DDD7E}.Release|Any CPU.ActiveCfg = Release|Any CPU
		{46A83C4A-4DE3-F8FC-D455-18B06E3DDD7E}.Release|Any CPU.Build.0 = Release|Any CPU
	EndGlobalSection
	GlobalSection(SolutionProperties) = preSolution
		HideSolutionNode = FALSE
	EndGlobalSection
	GlobalSection(ExtensibilityGlobals) = postSolution
		SolutionGuid = {BB03FFAE-5ABB-4754-B71A-B608BC8A2137}
	EndGlobalSection
EndGlobal
